
Microsoft Visual Studio Solution File, Format Version 12.00
# Visual Studio 15
VisualStudioVersion = 15.0.27428.2011
MinimumVisualStudioVersion = 10.0.40219.1
Project("{FAE04EC0-301F-11D3-BF4B-00C04F79EFBC}") = "CarRental", "CarRental.csproj", "{6A0FC750-ED65-43EC-8978-647E3CE6FED4}"
EndProject
Project("{FAE04EC0-301F-11D3-BF4B-00C04F79EFBC}") = "DBWorker", "..\DBWorker\DBWorker.csproj", "{1F3683C8-2C90-409E-BA2B-D271ADACA197}"
EndProject
Global
	GlobalSection(SolutionConfigurationPlatforms) = preSolution
		Debug|Any CPU = Debug|Any CPU
		Release|Any CPU = Release|Any CPU
	EndGlobalSection
	GlobalSection(ProjectConfigurationPlatforms) = postSolution
		{6A0FC750-ED65-43EC-8978-647E3CE6FED4}.Debug|Any CPU.ActiveCfg = Debug|Any CPU
		{6A0FC750-ED65-43EC-8978-647E3CE6FED4}.Debug|Any CPU.Build.0 = Debug|Any CPU
		{6A0FC750-ED65-43EC-8978-647E3CE6FED4}.Release|Any CPU.ActiveCfg = Release|Any CPU
		{6A0FC750-ED65-43EC-8978-647E3CE6FED4}.Release|Any CPU.Build.0 = Release|Any CPU
		{1F3683C8-2C90-409E-BA2B-D271ADACA197}.Debug|Any CPU.ActiveCfg = Debug|Any CPU
		{1F3683C8-2C90-409E-BA2B-D271ADACA197}.Debug|Any CPU.Build.0 = Debug|Any CPU
		{1F3683C8-2C90-409E-BA2B-D271ADACA197}.Release|Any CPU.ActiveCfg = Release|Any CPU
		{1F3683C8-2C90-409E-BA2B-D271ADACA197}.Release|Any CPU.Build.0 = Release|Any CPU
	EndGlobalSection
	GlobalSection(SolutionProperties) = preSolution
		HideSolutionNode = FALSE
	EndGlobalSection
	GlobalSection(ExtensibilityGlobals) = postSolution
		SolutionGuid = {840203CB-FB2C-432E-A4A6-1892DF9667E3}
	EndGlobalSection
EndGlobal
